
Microsoft Visual Studio Solution File, Format Version 12.00
# Visual Studio Version 16
VisualStudioVersion = 16.0.31829.152
MinimumVisualStudioVersion = 10.0.40219.1
Project("{FAE04EC0-301F-11D3-BF4B-00C04F79EFBC}") = "Flight scoreboard", "Flight scoreboard\Flight scoreboard.csproj", "{63CEEEFC-C25D-4B54-9139-131D8B1CDA2E}"
EndProject
Global
	GlobalSection(SolutionConfigurationPlatforms) = preSolution
		Debug|Any CPU = Debug|Any CPU
		Release|Any CPU = Release|Any CPU
	EndGlobalSection
	GlobalSection(ProjectConfigurationPlatforms) = postSolution
		{63CEEEFC-C25D-4B54-9139-131D8B1CDA2E}.Debug|Any CPU.ActiveCfg = Debug|Any CPU
		{63CEEEFC-C25D-4B54-9139-131D8B1CDA2E}.Debug|Any CPU.Build.0 = Debug|Any CPU
		{63CEEEFC-C25D-4B54-9139-131D8B1CDA2E}.Release|Any CPU.ActiveCfg = Release|Any CPU
		{63CEEEFC-C25D-4B54-9139-131D8B1CDA2E}.Release|Any CPU.Build.0 = Release|Any CPU
	EndGlobalSection
	GlobalSection(SolutionProperties) = preSolution
		HideSolutionNode = FALSE
	EndGlobalSection
	GlobalSection(ExtensibilityGlobals) = postSolution
		SolutionGuid = {FD7C89B1-504C-4FF7-BB64-328919163513}
	EndGlobalSection
EndGlobal
